# THIS IS AN AUTOGENERATED FILE. DO NOT EDIT THIS FILE DIRECTLY.
# yarn lockfile v1


msal@^1.4.0:
  version "1.4.0"
  resolved "https://registry.yarnpkg.com/msal/-/msal-1.4.0.tgz#7e6e053a8cd3fd5b693e2f9504737f0c2b1219d4"
  integrity sha512-NTxMFQh6t5g2QWMlvZTWTxL1bmcqiCv0cs2lxTHhUbWEuxWCfvaVRZfjxN8i+T0VltVVGaVIdML8QEoBnlbaSw==
  dependencies:
    tslib "^1.9.3"

tslib@^1.9.3:
  version "1.13.0"
  resolved "https://registry.yarnpkg.com/tslib/-/tslib-1.13.0.tgz#c881e13cc7015894ed914862d276436fa9a47043"
  integrity sha512-i/6DQjL8Xf3be4K/E6Wgpekn5Qasl1usyw++dAA35Ue5orEn65VIxOA+YvNNl9HV3qv70T7CNwjODHZrLwvd1Q==
